
Microsoft Visual Studio Solution File, Format Version 10.00
# Visual Studio 2008
Project("{8BC9CEB8-8B4A-11D0-8D11-00A0C91BC942}") = "HttpParser", "HttpParser\HttpParser.vcproj", "{FDC90DE9-6824-47BE-B089-2B22CF515D7F}"
EndProject
Project("{8BC9CEB8-8B4A-11D0-8D11-00A0C91BC942}") = "SipPlatform", "SipPlatform\SipPlatform.vcproj", "{59766094-16E8-4602-9621-6C1E5ED9AF5F}"
EndProject
Project("{8BC9CEB8-8B4A-11D0-8D11-00A0C91BC942}") = "HttpStack", "HttpStack\HttpStack.vcproj", "{4E8CF57C-470C-4445-9382-6C3A2A3648D6}"
	ProjectSection(ProjectDependencies) = postProject
		{890E7A34-CA21-498B-B5F2-12665DC54D43} = {890E7A34-CA21-498B-B5F2-12665DC54D43}
		{A977B675-C94D-4B57-A368-20FFB07DD660} = {A977B675-C94D-4B57-A368-20FFB07DD660}
		{59766094-16E8-4602-9621-6C1E5ED9AF5F} = {59766094-16E8-4602-9621-6C1E5ED9AF5F}
		{FDC90DE9-6824-47BE-B089-2B22CF515D7F} = {FDC90DE9-6824-47BE-B089-2B22CF515D7F}
	EndProjectSection
EndProject
Project("{8BC9CEB8-8B4A-11D0-8D11-00A0C91BC942}") = "TcpStack", "TcpStack\TcpStack.vcproj", "{890E7A34-CA21-498B-B5F2-12665DC54D43}"
	ProjectSection(ProjectDependencies) = postProject
		{AF551BC2-1AF3-419B-9B54-04C2EF4FAC72} = {AF551BC2-1AF3-419B-9B54-04C2EF4FAC72}
	EndProjectSection
EndProject
Project("{8BC9CEB8-8B4A-11D0-8D11-00A0C91BC942}") = "TestHttpParser", "TestHttpParser\TestHttpParser.vcproj", "{9B6BB546-F6DA-4D79-95E1-4D8A1BEA87E3}"
	ProjectSection(ProjectDependencies) = postProject
		{A977B675-C94D-4B57-A368-20FFB07DD660} = {A977B675-C94D-4B57-A368-20FFB07DD660}
		{59766094-16E8-4602-9621-6C1E5ED9AF5F} = {59766094-16E8-4602-9621-6C1E5ED9AF5F}
		{FDC90DE9-6824-47BE-B089-2B22CF515D7F} = {FDC90DE9-6824-47BE-B089-2B22CF515D7F}
	EndProjectSection
EndProject
Project("{8BC9CEB8-8B4A-11D0-8D11-00A0C91BC942}") = "TestHttpStack", "TestHttpStack\TestHttpStack.vcproj", "{4F45BF89-10F4-4DD6-8EEA-083F7D080A83}"
	ProjectSection(ProjectDependencies) = postProject
		{890E7A34-CA21-498B-B5F2-12665DC54D43} = {890E7A34-CA21-498B-B5F2-12665DC54D43}
		{A977B675-C94D-4B57-A368-20FFB07DD660} = {A977B675-C94D-4B57-A368-20FFB07DD660}
		{4E8CF57C-470C-4445-9382-6C3A2A3648D6} = {4E8CF57C-470C-4445-9382-6C3A2A3648D6}
		{59766094-16E8-4602-9621-6C1E5ED9AF5F} = {59766094-16E8-4602-9621-6C1E5ED9AF5F}
		{FDC90DE9-6824-47BE-B089-2B22CF515D7F} = {FDC90DE9-6824-47BE-B089-2B22CF515D7F}
	EndProjectSection
EndProject
Project("{8BC9CEB8-8B4A-11D0-8D11-00A0C91BC942}") = "TestHttpClient", "TestHttpClient\TestHttpClient.vcproj", "{B8286312-90CB-4B78-8466-FA28195B6FFD}"
	ProjectSection(ProjectDependencies) = postProject
		{890E7A34-CA21-498B-B5F2-12665DC54D43} = {890E7A34-CA21-498B-B5F2-12665DC54D43}
		{4E8CF57C-470C-4445-9382-6C3A2A3648D6} = {4E8CF57C-470C-4445-9382-6C3A2A3648D6}
		{59766094-16E8-4602-9621-6C1E5ED9AF5F} = {59766094-16E8-4602-9621-6C1E5ED9AF5F}
		{FDC90DE9-6824-47BE-B089-2B22CF515D7F} = {FDC90DE9-6824-47BE-B089-2B22CF515D7F}
	EndProjectSection
EndProject
Project("{8BC9CEB8-8B4A-11D0-8D11-00A0C91BC942}") = "XmlParser", "XmlParser\XmlParser.vcproj", "{AF551BC2-1AF3-419B-9B54-04C2EF4FAC72}"
EndProject
Project("{8BC9CEB8-8B4A-11D0-8D11-00A0C91BC942}") = "TestWsdlParser", "TestWsdlParser\TestWsdlParser.vcproj", "{942CA3E8-F4FF-4574-9744-447BBE6CE7C4}"
	ProjectSection(ProjectDependencies) = postProject
		{890E7A34-CA21-498B-B5F2-12665DC54D43} = {890E7A34-CA21-498B-B5F2-12665DC54D43}
		{08D78437-274A-4834-8E64-0E8E935A81EC} = {08D78437-274A-4834-8E64-0E8E935A81EC}
		{4E8CF57C-470C-4445-9382-6C3A2A3648D6} = {4E8CF57C-470C-4445-9382-6C3A2A3648D6}
		{59766094-16E8-4602-9621-6C1E5ED9AF5F} = {59766094-16E8-4602-9621-6C1E5ED9AF5F}
		{AF551BC2-1AF3-419B-9B54-04C2EF4FAC72} = {AF551BC2-1AF3-419B-9B54-04C2EF4FAC72}
		{FDC90DE9-6824-47BE-B089-2B22CF515D7F} = {FDC90DE9-6824-47BE-B089-2B22CF515D7F}
	EndProjectSection
EndProject
Project("{8BC9CEB8-8B4A-11D0-8D11-00A0C91BC942}") = "WsdlParser", "WsdlParser\WsdlParser.vcproj", "{08D78437-274A-4834-8E64-0E8E935A81EC}"
	ProjectSection(ProjectDependencies) = postProject
		{AF551BC2-1AF3-419B-9B54-04C2EF4FAC72} = {AF551BC2-1AF3-419B-9B54-04C2EF4FAC72}
	EndProjectSection
EndProject
Project("{8BC9CEB8-8B4A-11D0-8D11-00A0C91BC942}") = "TestXmlParser", "TestXmlParser\TestXmlParser.vcproj", "{5BEF62C9-1C6E-47F2-8F82-9F2C641BA04C}"
	ProjectSection(ProjectDependencies) = postProject
		{59766094-16E8-4602-9621-6C1E5ED9AF5F} = {59766094-16E8-4602-9621-6C1E5ED9AF5F}
		{AF551BC2-1AF3-419B-9B54-04C2EF4FAC72} = {AF551BC2-1AF3-419B-9B54-04C2EF4FAC72}
	EndProjectSection
EndProject
Project("{8BC9CEB8-8B4A-11D0-8D11-00A0C91BC942}") = "CreateGplClass", "CreateGplClass\CreateGplClass.vcproj", "{82A654FB-B47A-43AA-B51D-B66FCD0AFB95}"
	ProjectSection(ProjectDependencies) = postProject
		{59766094-16E8-4602-9621-6C1E5ED9AF5F} = {59766094-16E8-4602-9621-6C1E5ED9AF5F}
	EndProjectSection
EndProject
Project("{8BC9CEB8-8B4A-11D0-8D11-00A0C91BC942}") = "JsonParser", "JsonParser\JsonParser.vcproj", "{F90ACA2E-E87F-457C-8F59-38EC95B956AB}"
	ProjectSection(ProjectDependencies) = postProject
		{59766094-16E8-4602-9621-6C1E5ED9AF5F} = {59766094-16E8-4602-9621-6C1E5ED9AF5F}
	EndProjectSection
EndProject
Project("{8BC9CEB8-8B4A-11D0-8D11-00A0C91BC942}") = "TestJsonParser", "TestJsonParser\TestJsonParser.vcproj", "{100F93FC-75BC-4EAE-894F-2AF0E232A68B}"
	ProjectSection(ProjectDependencies) = postProject
		{F90ACA2E-E87F-457C-8F59-38EC95B956AB} = {F90ACA2E-E87F-457C-8F59-38EC95B956AB}
		{59766094-16E8-4602-9621-6C1E5ED9AF5F} = {59766094-16E8-4602-9621-6C1E5ED9AF5F}
	EndProjectSection
EndProject
Project("{8BC9CEB8-8B4A-11D0-8D11-00A0C91BC942}") = "TestTcpStack", "TestTcpStack\TestTcpStack.vcproj", "{F2F7EA0B-1148-4E32-96F8-C496F27172C0}"
	ProjectSection(ProjectDependencies) = postProject
		{890E7A34-CA21-498B-B5F2-12665DC54D43} = {890E7A34-CA21-498B-B5F2-12665DC54D43}
		{59766094-16E8-4602-9621-6C1E5ED9AF5F} = {59766094-16E8-4602-9621-6C1E5ED9AF5F}
		{AF551BC2-1AF3-419B-9B54-04C2EF4FAC72} = {AF551BC2-1AF3-419B-9B54-04C2EF4FAC72}
	EndProjectSection
EndProject
Project("{8BC9CEB8-8B4A-11D0-8D11-00A0C91BC942}") = "TestWebRtc", "TestWebRtc\TestWebRtc.vcproj", "{B379E72F-5159-4092-AB3A-FDCE75D956DA}"
	ProjectSection(ProjectDependencies) = postProject
		{890E7A34-CA21-498B-B5F2-12665DC54D43} = {890E7A34-CA21-498B-B5F2-12665DC54D43}
		{A977B675-C94D-4B57-A368-20FFB07DD660} = {A977B675-C94D-4B57-A368-20FFB07DD660}
		{4E8CF57C-470C-4445-9382-6C3A2A3648D6} = {4E8CF57C-470C-4445-9382-6C3A2A3648D6}
		{59766094-16E8-4602-9621-6C1E5ED9AF5F} = {59766094-16E8-4602-9621-6C1E5ED9AF5F}
		{FDC90DE9-6824-47BE-B089-2B22CF515D7F} = {FDC90DE9-6824-47BE-B089-2B22CF515D7F}
	EndProjectSection
EndProject
Project("{8BC9CEB8-8B4A-11D0-8D11-00A0C91BC942}") = "HttpSpeed", "HttpSpeed\HttpSpeed.vcproj", "{4D20AE41-26ED-4761-93BB-FA6CE632AF21}"
	ProjectSection(ProjectDependencies) = postProject
		{4E8CF57C-470C-4445-9382-6C3A2A3648D6} = {4E8CF57C-470C-4445-9382-6C3A2A3648D6}
		{59766094-16E8-4602-9621-6C1E5ED9AF5F} = {59766094-16E8-4602-9621-6C1E5ED9AF5F}
		{FDC90DE9-6824-47BE-B089-2B22CF515D7F} = {FDC90DE9-6824-47BE-B089-2B22CF515D7F}
	EndProjectSection
EndProject
Project("{8BC9CEB8-8B4A-11D0-8D11-00A0C91BC942}") = "HttpNoCacheProxy", "HttpNoCacheProxy\HttpNoCacheProxy.vcproj", "{09130DA1-B6E9-48F0-92BE-CA9296B022F5}"
	ProjectSection(ProjectDependencies) = postProject
		{890E7A34-CA21-498B-B5F2-12665DC54D43} = {890E7A34-CA21-498B-B5F2-12665DC54D43}
		{A977B675-C94D-4B57-A368-20FFB07DD660} = {A977B675-C94D-4B57-A368-20FFB07DD660}
		{4E8CF57C-470C-4445-9382-6C3A2A3648D6} = {4E8CF57C-470C-4445-9382-6C3A2A3648D6}
		{59766094-16E8-4602-9621-6C1E5ED9AF5F} = {59766094-16E8-4602-9621-6C1E5ED9AF5F}
		{FDC90DE9-6824-47BE-B089-2B22CF515D7F} = {FDC90DE9-6824-47BE-B089-2B22CF515D7F}
	EndProjectSection
EndProject
Project("{8BC9CEB8-8B4A-11D0-8D11-00A0C91BC942}") = "SendFirebaseMessage", "SendFirebaseMessage\SendFirebaseMessage.vcproj", "{7D853BED-B9CA-414C-9F7D-E08E38A2B8F0}"
	ProjectSection(ProjectDependencies) = postProject
		{890E7A34-CA21-498B-B5F2-12665DC54D43} = {890E7A34-CA21-498B-B5F2-12665DC54D43}
		{4E8CF57C-470C-4445-9382-6C3A2A3648D6} = {4E8CF57C-470C-4445-9382-6C3A2A3648D6}
		{59766094-16E8-4602-9621-6C1E5ED9AF5F} = {59766094-16E8-4602-9621-6C1E5ED9AF5F}
		{FDC90DE9-6824-47BE-B089-2B22CF515D7F} = {FDC90DE9-6824-47BE-B089-2B22CF515D7F}
	EndProjectSection
EndProject
Project("{8BC9CEB8-8B4A-11D0-8D11-00A0C91BC942}") = "TestGoogleDownload", "TestGoogleDownload\TestGoogleDownload.vcproj", "{77EC2BD7-3D02-4BCD-A919-DA0611F69620}"
	ProjectSection(ProjectDependencies) = postProject
		{890E7A34-CA21-498B-B5F2-12665DC54D43} = {890E7A34-CA21-498B-B5F2-12665DC54D43}
		{4E8CF57C-470C-4445-9382-6C3A2A3648D6} = {4E8CF57C-470C-4445-9382-6C3A2A3648D6}
		{59766094-16E8-4602-9621-6C1E5ED9AF5F} = {59766094-16E8-4602-9621-6C1E5ED9AF5F}
		{FDC90DE9-6824-47BE-B089-2B22CF515D7F} = {FDC90DE9-6824-47BE-B089-2B22CF515D7F}
	EndProjectSection
EndProject
Project("{8BC9CEB8-8B4A-11D0-8D11-00A0C91BC942}") = "TestSipPlatform", "TestSipPlatform\TestSipPlatform.vcproj", "{E9043F74-A7C7-4E5E-BE63-9E2B70DA7922}"
	ProjectSection(ProjectDependencies) = postProject
		{59766094-16E8-4602-9621-6C1E5ED9AF5F} = {59766094-16E8-4602-9621-6C1E5ED9AF5F}
	EndProjectSection
EndProject
Project("{8BC9CEB8-8B4A-11D0-8D11-00A0C91BC942}") = "TestJsonServer", "TestJsonServer\TestJsonServer.vcproj", "{DDE5CE4C-563C-4B95-A71C-38D6F83AB380}"
	ProjectSection(ProjectDependencies) = postProject
		{890E7A34-CA21-498B-B5F2-12665DC54D43} = {890E7A34-CA21-498B-B5F2-12665DC54D43}
		{A977B675-C94D-4B57-A368-20FFB07DD660} = {A977B675-C94D-4B57-A368-20FFB07DD660}
		{4E8CF57C-470C-4445-9382-6C3A2A3648D6} = {4E8CF57C-470C-4445-9382-6C3A2A3648D6}
		{59766094-16E8-4602-9621-6C1E5ED9AF5F} = {59766094-16E8-4602-9621-6C1E5ED9AF5F}
		{AF551BC2-1AF3-419B-9B54-04C2EF4FAC72} = {AF551BC2-1AF3-419B-9B54-04C2EF4FAC72}
		{FDC90DE9-6824-47BE-B089-2B22CF515D7F} = {FDC90DE9-6824-47BE-B089-2B22CF515D7F}
	EndProjectSection
EndProject
Project("{8BC9CEB8-8B4A-11D0-8D11-00A0C91BC942}") = "HtmlParser", "HtmlParser\HtmlParser.vcproj", "{497BD037-0795-441E-AEE3-973753BA2DDD}"
	ProjectSection(ProjectDependencies) = postProject
		{59766094-16E8-4602-9621-6C1E5ED9AF5F} = {59766094-16E8-4602-9621-6C1E5ED9AF5F}
	EndProjectSection
EndProject
Project("{8BC9CEB8-8B4A-11D0-8D11-00A0C91BC942}") = "TestHtmlParser", "TestHtmlParser\TestHtmlParser.vcproj", "{8D509E8F-F24B-4278-9511-C847981B63D9}"
	ProjectSection(ProjectDependencies) = postProject
		{497BD037-0795-441E-AEE3-973753BA2DDD} = {497BD037-0795-441E-AEE3-973753BA2DDD}
		{59766094-16E8-4602-9621-6C1E5ED9AF5F} = {59766094-16E8-4602-9621-6C1E5ED9AF5F}
	EndProjectSection
EndProject
Project("{8BC9CEB8-8B4A-11D0-8D11-00A0C91BC942}") = "JsonBeautiful", "JsonBeautiful\JsonBeautiful.vcproj", "{29220B07-D1C9-4DBF-BCD5-56B3759B1629}"
	ProjectSection(ProjectDependencies) = postProject
		{F90ACA2E-E87F-457C-8F59-38EC95B956AB} = {F90ACA2E-E87F-457C-8F59-38EC95B956AB}
	EndProjectSection
EndProject
Project("{8BC9CEB8-8B4A-11D0-8D11-00A0C91BC942}") = "Http2Parser", "Http2Parser\Http2Parser.vcproj", "{A977B675-C94D-4B57-A368-20FFB07DD660}"
EndProject
Project("{8BC9CEB8-8B4A-11D0-8D11-00A0C91BC942}") = "SendIphonePush", "SendIphonePush\SendIphonePush.vcproj", "{4C308F7E-A98F-4046-9109-E8FEAD3E0F8F}"
	ProjectSection(ProjectDependencies) = postProject
		{890E7A34-CA21-498B-B5F2-12665DC54D43} = {890E7A34-CA21-498B-B5F2-12665DC54D43}
		{A977B675-C94D-4B57-A368-20FFB07DD660} = {A977B675-C94D-4B57-A368-20FFB07DD660}
		{4E8CF57C-470C-4445-9382-6C3A2A3648D6} = {4E8CF57C-470C-4445-9382-6C3A2A3648D6}
		{59766094-16E8-4602-9621-6C1E5ED9AF5F} = {59766094-16E8-4602-9621-6C1E5ED9AF5F}
		{26E68CDD-8271-4CC0-A88E-B17C7ABC9DBE} = {26E68CDD-8271-4CC0-A88E-B17C7ABC9DBE}
		{FDC90DE9-6824-47BE-B089-2B22CF515D7F} = {FDC90DE9-6824-47BE-B089-2B22CF515D7F}
	EndProjectSection
EndProject
Project("{8BC9CEB8-8B4A-11D0-8D11-00A0C91BC942}") = "SipPcap", "SipPcap\SipPcap.vcproj", "{26E68CDD-8271-4CC0-A88E-B17C7ABC9DBE}"
EndProject
Project("{8BC9CEB8-8B4A-11D0-8D11-00A0C91BC942}") = "TestHttp2Client", "TestHttp2Client\TestHttp2Client.vcproj", "{97B089C4-3E19-4F85-9D27-79A81016FBBC}"
	ProjectSection(ProjectDependencies) = postProject
		{890E7A34-CA21-498B-B5F2-12665DC54D43} = {890E7A34-CA21-498B-B5F2-12665DC54D43}
		{A977B675-C94D-4B57-A368-20FFB07DD660} = {A977B675-C94D-4B57-A368-20FFB07DD660}
		{4E8CF57C-470C-4445-9382-6C3A2A3648D6} = {4E8CF57C-470C-4445-9382-6C3A2A3648D6}
		{59766094-16E8-4602-9621-6C1E5ED9AF5F} = {59766094-16E8-4602-9621-6C1E5ED9AF5F}
		{26E68CDD-8271-4CC0-A88E-B17C7ABC9DBE} = {26E68CDD-8271-4CC0-A88E-B17C7ABC9DBE}
	EndProjectSection
EndProject
Project("{8BC9CEB8-8B4A-11D0-8D11-00A0C91BC942}") = "HttpSimulator", "HttpSimulator\HttpSimulator.vcproj", "{D9CBD330-C02D-46FB-A1B8-094A443AD897}"
	ProjectSection(ProjectDependencies) = postProject
		{497BD037-0795-441E-AEE3-973753BA2DDD} = {497BD037-0795-441E-AEE3-973753BA2DDD}
		{4E8CF57C-470C-4445-9382-6C3A2A3648D6} = {4E8CF57C-470C-4445-9382-6C3A2A3648D6}
		{59766094-16E8-4602-9621-6C1E5ED9AF5F} = {59766094-16E8-4602-9621-6C1E5ED9AF5F}
		{AF551BC2-1AF3-419B-9B54-04C2EF4FAC72} = {AF551BC2-1AF3-419B-9B54-04C2EF4FAC72}
		{FDC90DE9-6824-47BE-B089-2B22CF515D7F} = {FDC90DE9-6824-47BE-B089-2B22CF515D7F}
	EndProjectSection
EndProject
Project("{8BC9CEB8-8B4A-11D0-8D11-00A0C91BC942}") = "TestLunar", "TestLunar\TestLunar.vcproj", "{D21C16CF-3C69-4116-8675-78B074E83F7F}"
	ProjectSection(ProjectDependencies) = postProject
		{F90ACA2E-E87F-457C-8F59-38EC95B956AB} = {F90ACA2E-E87F-457C-8F59-38EC95B956AB}
		{4E8CF57C-470C-4445-9382-6C3A2A3648D6} = {4E8CF57C-470C-4445-9382-6C3A2A3648D6}
		{59766094-16E8-4602-9621-6C1E5ED9AF5F} = {59766094-16E8-4602-9621-6C1E5ED9AF5F}
		{FDC90DE9-6824-47BE-B089-2B22CF515D7F} = {FDC90DE9-6824-47BE-B089-2B22CF515D7F}
	EndProjectSection
EndProject
Global
	GlobalSection(SolutionConfigurationPlatforms) = preSolution
		Debug|Win32 = Debug|Win32
		Debug|x64 = Debug|x64
		Release|Win32 = Release|Win32
		Release|x64 = Release|x64
	EndGlobalSection
	GlobalSection(ProjectConfigurationPlatforms) = postSolution
		{FDC90DE9-6824-47BE-B089-2B22CF515D7F}.Debug|Win32.ActiveCfg = Debug|Win32
		{FDC90DE9-6824-47BE-B089-2B22CF515D7F}.Debug|Win32.Build.0 = Debug|Win32
		{FDC90DE9-6824-47BE-B089-2B22CF515D7F}.Debug|x64.ActiveCfg = Debug|Win32
		{FDC90DE9-6824-47BE-B089-2B22CF515D7F}.Release|Win32.ActiveCfg = Release|Win32
		{FDC90DE9-6824-47BE-B089-2B22CF515D7F}.Release|Win32.Build.0 = Release|Win32
		{FDC90DE9-6824-47BE-B089-2B22CF515D7F}.Release|x64.ActiveCfg = Release|Win32
		{59766094-16E8-4602-9621-6C1E5ED9AF5F}.Debug|Win32.ActiveCfg = Debug|Win32
		{59766094-16E8-4602-9621-6C1E5ED9AF5F}.Debug|Win32.Build.0 = Debug|Win32
		{59766094-16E8-4602-9621-6C1E5ED9AF5F}.Debug|x64.ActiveCfg = Debug|x64
		{59766094-16E8-4602-9621-6C1E5ED9AF5F}.Debug|x64.Build.0 = Debug|x64
		{59766094-16E8-4602-9621-6C1E5ED9AF5F}.Release|Win32.ActiveCfg = Release|Win32
		{59766094-16E8-4602-9621-6C1E5ED9AF5F}.Release|Win32.Build.0 = Release|Win32
		{59766094-16E8-4602-9621-6C1E5ED9AF5F}.Release|x64.ActiveCfg = Release|x64
		{59766094-16E8-4602-9621-6C1E5ED9AF5F}.Release|x64.Build.0 = Release|x64
		{4E8CF57C-470C-4445-9382-6C3A2A3648D6}.Debug|Win32.ActiveCfg = Debug|Win32
		{4E8CF57C-470C-4445-9382-6C3A2A3648D6}.Debug|Win32.Build.0 = Debug|Win32
		{4E8CF57C-470C-4445-9382-6C3A2A3648D6}.Debug|x64.ActiveCfg = Debug|Win32
		{4E8CF57C-470C-4445-9382-6C3A2A3648D6}.Release|Win32.ActiveCfg = Release|Win32
		{4E8CF57C-470C-4445-9382-6C3A2A3648D6}.Release|Win32.Build.0 = Release|Win32
		{4E8CF57C-470C-4445-9382-6C3A2A3648D6}.Release|x64.ActiveCfg = Release|Win32
		{890E7A34-CA21-498B-B5F2-12665DC54D43}.Debug|Win32.ActiveCfg = Debug|Win32
		{890E7A34-CA21-498B-B5F2-12665DC54D43}.Debug|Win32.Build.0 = Debug|Win32
		{890E7A34-CA21-498B-B5F2-12665DC54D43}.Debug|x64.ActiveCfg = Debug|Win32
		{890E7A34-CA21-498B-B5F2-12665DC54D43}.Release|Win32.ActiveCfg = Release|Win32
		{890E7A34-CA21-498B-B5F2-12665DC54D43}.Release|Win32.Build.0 = Release|Win32
		{890E7A34-CA21-498B-B5F2-12665DC54D43}.Release|x64.ActiveCfg = Release|Win32
		{9B6BB546-F6DA-4D79-95E1-4D8A1BEA87E3}.Debug|Win32.ActiveCfg = Debug|Win32
		{9B6BB546-F6DA-4D79-95E1-4D8A1BEA87E3}.Debug|Win32.Build.0 = Debug|Win32
		{9B6BB546-F6DA-4D79-95E1-4D8A1BEA87E3}.Debug|x64.ActiveCfg = Debug|Win32
		{9B6BB546-F6DA-4D79-95E1-4D8A1BEA87E3}.Release|Win32.ActiveCfg = Release|Win32
		{9B6BB546-F6DA-4D79-95E1-4D8A1BEA87E3}.Release|Win32.Build.0 = Release|Win32
		{9B6BB546-F6DA-4D79-95E1-4D8A1BEA87E3}.Release|x64.ActiveCfg = Release|Win32
		{4F45BF89-10F4-4DD6-8EEA-083F7D080A83}.Debug|Win32.ActiveCfg = Debug|Win32
		{4F45BF89-10F4-4DD6-8EEA-083F7D080A83}.Debug|Win32.Build.0 = Debug|Win32
		{4F45BF89-10F4-4DD6-8EEA-083F7D080A83}.Debug|x64.ActiveCfg = Debug|Win32
		{4F45BF89-10F4-4DD6-8EEA-083F7D080A83}.Release|Win32.ActiveCfg = Release|Win32
		{4F45BF89-10F4-4DD6-8EEA-083F7D080A83}.Release|Win32.Build.0 = Release|Win32
		{4F45BF89-10F4-4DD6-8EEA-083F7D080A83}.Release|x64.ActiveCfg = Release|Win32
		{B8286312-90CB-4B78-8466-FA28195B6FFD}.Debug|Win32.ActiveCfg = Debug|Win32
		{B8286312-90CB-4B78-8466-FA28195B6FFD}.Debug|Win32.Build.0 = Debug|Win32
		{B8286312-90CB-4B78-8466-FA28195B6FFD}.Debug|x64.ActiveCfg = Debug|Win32
		{B8286312-90CB-4B78-8466-FA28195B6FFD}.Release|Win32.ActiveCfg = Release|Win32
		{B8286312-90CB-4B78-8466-FA28195B6FFD}.Release|Win32.Build.0 = Release|Win32
		{B8286312-90CB-4B78-8466-FA28195B6FFD}.Release|x64.ActiveCfg = Release|Win32
		{AF551BC2-1AF3-419B-9B54-04C2EF4FAC72}.Debug|Win32.ActiveCfg = Debug|Win32
		{AF551BC2-1AF3-419B-9B54-04C2EF4FAC72}.Debug|Win32.Build.0 = Debug|Win32
		{AF551BC2-1AF3-419B-9B54-04C2EF4FAC72}.Debug|x64.ActiveCfg = Debug|x64
		{AF551BC2-1AF3-419B-9B54-04C2EF4FAC72}.Debug|x64.Build.0 = Debug|x64
		{AF551BC2-1AF3-419B-9B54-04C2EF4FAC72}.Release|Win32.ActiveCfg = Release|Win32
		{AF551BC2-1AF3-419B-9B54-04C2EF4FAC72}.Release|Win32.Build.0 = Release|Win32
		{AF551BC2-1AF3-419B-9B54-04C2EF4FAC72}.Release|x64.ActiveCfg = Release|x64
		{AF551BC2-1AF3-419B-9B54-04C2EF4FAC72}.Release|x64.Build.0 = Release|x64
		{942CA3E8-F4FF-4574-9744-447BBE6CE7C4}.Debug|Win32.ActiveCfg = Debug|Win32
		{942CA3E8-F4FF-4574-9744-447BBE6CE7C4}.Debug|Win32.Build.0 = Debug|Win32
		{942CA3E8-F4FF-4574-9744-447BBE6CE7C4}.Debug|x64.ActiveCfg = Debug|Win32
		{942CA3E8-F4FF-4574-9744-447BBE6CE7C4}.Release|Win32.ActiveCfg = Release|Win32
		{942CA3E8-F4FF-4574-9744-447BBE6CE7C4}.Release|Win32.Build.0 = Release|Win32
		{942CA3E8-F4FF-4574-9744-447BBE6CE7C4}.Release|x64.ActiveCfg = Release|Win32
		{08D78437-274A-4834-8E64-0E8E935A81EC}.Debug|Win32.ActiveCfg = Debug|Win32
		{08D78437-274A-4834-8E64-0E8E935A81EC}.Debug|Win32.Build.0 = Debug|Win32
		{08D78437-274A-4834-8E64-0E8E935A81EC}.Debug|x64.ActiveCfg = Debug|Win32
		{08D78437-274A-4834-8E64-0E8E935A81EC}.Release|Win32.ActiveCfg = Release|Win32
		{08D78437-274A-4834-8E64-0E8E935A81EC}.Release|Win32.Build.0 = Release|Win32
		{08D78437-274A-4834-8E64-0E8E935A81EC}.Release|x64.ActiveCfg = Release|Win32
		{5BEF62C9-1C6E-47F2-8F82-9F2C641BA04C}.Debug|Win32.ActiveCfg = Debug|Win32
		{5BEF62C9-1C6E-47F2-8F82-9F2C641BA04C}.Debug|Win32.Build.0 = Debug|Win32
		{5BEF62C9-1C6E-47F2-8F82-9F2C641BA04C}.Debug|x64.ActiveCfg = Debug|Win32
		{5BEF62C9-1C6E-47F2-8F82-9F2C641BA04C}.Release|Win32.ActiveCfg = Release|Win32
		{5BEF62C9-1C6E-47F2-8F82-9F2C641BA04C}.Release|Win32.Build.0 = Release|Win32
		{5BEF62C9-1C6E-47F2-8F82-9F2C641BA04C}.Release|x64.ActiveCfg = Release|Win32
		{82A654FB-B47A-43AA-B51D-B66FCD0AFB95}.Debug|Win32.ActiveCfg = Debug|Win32
		{82A654FB-B47A-43AA-B51D-B66FCD0AFB95}.Debug|Win32.Build.0 = Debug|Win32
		{82A654FB-B47A-43AA-B51D-B66FCD0AFB95}.Debug|x64.ActiveCfg = Debug|Win32
		{82A654FB-B47A-43AA-B51D-B66FCD0AFB95}.Release|Win32.ActiveCfg = Release|Win32
		{82A654FB-B47A-43AA-B51D-B66FCD0AFB95}.Release|Win32.Build.0 = Release|Win32
		{82A654FB-B47A-43AA-B51D-B66FCD0AFB95}.Release|x64.ActiveCfg = Release|Win32
		{F90ACA2E-E87F-457C-8F59-38EC95B956AB}.Debug|Win32.ActiveCfg = Debug|Win32
		{F90ACA2E-E87F-457C-8F59-38EC95B956AB}.Debug|Win32.Build.0 = Debug|Win32
		{F90ACA2E-E87F-457C-8F59-38EC95B956AB}.Debug|x64.ActiveCfg = Debug|Win32
		{F90ACA2E-E87F-457C-8F59-38EC95B956AB}.Release|Win32.ActiveCfg = Release|Win32
		{F90ACA2E-E87F-457C-8F59-38EC95B956AB}.Release|Win32.Build.0 = Release|Win32
		{F90ACA2E-E87F-457C-8F59-38EC95B956AB}.Release|x64.ActiveCfg = Release|Win32
		{100F93FC-75BC-4EAE-894F-2AF0E232A68B}.Debug|Win32.ActiveCfg = Debug|Win32
		{100F93FC-75BC-4EAE-894F-2AF0E232A68B}.Debug|Win32.Build.0 = Debug|Win32
		{100F93FC-75BC-4EAE-894F-2AF0E232A68B}.Debug|x64.ActiveCfg = Debug|Win32
		{100F93FC-75BC-4EAE-894F-2AF0E232A68B}.Release|Win32.ActiveCfg = Release|Win32
		{100F93FC-75BC-4EAE-894F-2AF0E232A68B}.Release|Win32.Build.0 = Release|Win32
		{100F93FC-75BC-4EAE-894F-2AF0E232A68B}.Release|x64.ActiveCfg = Release|Win32
		{F2F7EA0B-1148-4E32-96F8-C496F27172C0}.Debug|Win32.ActiveCfg = Debug|Win32
		{F2F7EA0B-1148-4E32-96F8-C496F27172C0}.Debug|Win32.Build.0 = Debug|Win32
		{F2F7EA0B-1148-4E32-96F8-C496F27172C0}.Debug|x64.ActiveCfg = Debug|Win32
		{F2F7EA0B-1148-4E32-96F8-C496F27172C0}.Release|Win32.ActiveCfg = Release|Win32
		{F2F7EA0B-1148-4E32-96F8-C496F27172C0}.Release|Win32.Build.0 = Release|Win32
		{F2F7EA0B-1148-4E32-96F8-C496F27172C0}.Release|x64.ActiveCfg = Release|Win32
		{B379E72F-5159-4092-AB3A-FDCE75D956DA}.Debug|Win32.ActiveCfg = Debug|Win32
		{B379E72F-5159-4092-AB3A-FDCE75D956DA}.Debug|Win32.Build.0 = Debug|Win32
		{B379E72F-5159-4092-AB3A-FDCE75D956DA}.Debug|x64.ActiveCfg = Debug|Win32
		{B379E72F-5159-4092-AB3A-FDCE75D956DA}.Release|Win32.ActiveCfg = Release|Win32
		{B379E72F-5159-4092-AB3A-FDCE75D956DA}.Release|Win32.Build.0 = Release|Win32
		{B379E72F-5159-4092-AB3A-FDCE75D956DA}.Release|x64.ActiveCfg = Release|Win32
		{4D20AE41-26ED-4761-93BB-FA6CE632AF21}.Debug|Win32.ActiveCfg = Debug|Win32
		{4D20AE41-26ED-4761-93BB-FA6CE632AF21}.Debug|Win32.Build.0 = Debug|Win32
		{4D20AE41-26ED-4761-93BB-FA6CE632AF21}.Debug|x64.ActiveCfg = Debug|Win32
		{4D20AE41-26ED-4761-93BB-FA6CE632AF21}.Release|Win32.ActiveCfg = Release|Win32
		{4D20AE41-26ED-4761-93BB-FA6CE632AF21}.Release|Win32.Build.0 = Release|Win32
		{4D20AE41-26ED-4761-93BB-FA6CE632AF21}.Release|x64.ActiveCfg = Release|Win32
		{09130DA1-B6E9-48F0-92BE-CA9296B022F5}.Debug|Win32.ActiveCfg = Debug|Win32
		{09130DA1-B6E9-48F0-92BE-CA9296B022F5}.Debug|Win32.Build.0 = Debug|Win32
		{09130DA1-B6E9-48F0-92BE-CA9296B022F5}.Debug|x64.ActiveCfg = Debug|Win32
		{09130DA1-B6E9-48F0-92BE-CA9296B022F5}.Release|Win32.ActiveCfg = Release|Win32
		{09130DA1-B6E9-48F0-92BE-CA9296B022F5}.Release|Win32.Build.0 = Release|Win32
		{09130DA1-B6E9-48F0-92BE-CA9296B022F5}.Release|x64.ActiveCfg = Release|Win32
		{7D853BED-B9CA-414C-9F7D-E08E38A2B8F0}.Debug|Win32.ActiveCfg = Debug|Win32
		{7D853BED-B9CA-414C-9F7D-E08E38A2B8F0}.Debug|Win32.Build.0 = Debug|Win32
		{7D853BED-B9CA-414C-9F7D-E08E38A2B8F0}.Debug|x64.ActiveCfg = Debug|Win32
		{7D853BED-B9CA-414C-9F7D-E08E38A2B8F0}.Release|Win32.ActiveCfg = Release|Win32
		{7D853BED-B9CA-414C-9F7D-E08E38A2B8F0}.Release|Win32.Build.0 = Release|Win32
		{7D853BED-B9CA-414C-9F7D-E08E38A2B8F0}.Release|x64.ActiveCfg = Release|Win32
		{77EC2BD7-3D02-4BCD-A919-DA0611F69620}.Debug|Win32.ActiveCfg = Debug|Win32
		{77EC2BD7-3D02-4BCD-A919-DA0611F69620}.Debug|Win32.Build.0 = Debug|Win32
		{77EC2BD7-3D02-4BCD-A919-DA0611F69620}.Debug|x64.ActiveCfg = Debug|Win32
		{77EC2BD7-3D02-4BCD-A919-DA0611F69620}.Release|Win32.ActiveCfg = Release|Win32
		{77EC2BD7-3D02-4BCD-A919-DA0611F69620}.Release|Win32.Build.0 = Release|Win32
		{77EC2BD7-3D02-4BCD-A919-DA0611F69620}.Release|x64.ActiveCfg = Release|Win32
		{E9043F74-A7C7-4E5E-BE63-9E2B70DA7922}.Debug|Win32.ActiveCfg = Debug|Win32
		{E9043F74-A7C7-4E5E-BE63-9E2B70DA7922}.Debug|Win32.Build.0 = Debug|Win32
		{E9043F74-A7C7-4E5E-BE63-9E2B70DA7922}.Debug|x64.ActiveCfg = Debug|Win32
		{E9043F74-A7C7-4E5E-BE63-9E2B70DA7922}.Release|Win32.ActiveCfg = Release|Win32
		{E9043F74-A7C7-4E5E-BE63-9E2B70DA7922}.Release|Win32.Build.0 = Release|Win32
		{E9043F74-A7C7-4E5E-BE63-9E2B70DA7922}.Release|x64.ActiveCfg = Release|Win32
		{DDE5CE4C-563C-4B95-A71C-38D6F83AB380}.Debug|Win32.ActiveCfg = Debug|Win32
		{DDE5CE4C-563C-4B95-A71C-38D6F83AB380}.Debug|Win32.Build.0 = Debug|Win32
		{DDE5CE4C-563C-4B95-A71C-38D6F83AB380}.Debug|x64.ActiveCfg = Debug|Win32
		{DDE5CE4C-563C-4B95-A71C-38D6F83AB380}.Release|Win32.ActiveCfg = Release|Win32
		{DDE5CE4C-563C-4B95-A71C-38D6F83AB380}.Release|Win32.Build.0 = Release|Win32
		{DDE5CE4C-563C-4B95-A71C-38D6F83AB380}.Release|x64.ActiveCfg = Release|Win32
		{497BD037-0795-441E-AEE3-973753BA2DDD}.Debug|Win32.ActiveCfg = Debug|Win32
		{497BD037-0795-441E-AEE3-973753BA2DDD}.Debug|Win32.Build.0 = Debug|Win32
		{497BD037-0795-441E-AEE3-973753BA2DDD}.Debug|x64.ActiveCfg = Debug|Win32
		{497BD037-0795-441E-AEE3-973753BA2DDD}.Release|Win32.ActiveCfg = Release|Win32
		{497BD037-0795-441E-AEE3-973753BA2DDD}.Release|Win32.Build.0 = Release|Win32
		{497BD037-0795-441E-AEE3-973753BA2DDD}.Release|x64.ActiveCfg = Release|Win32
		{8D509E8F-F24B-4278-9511-C847981B63D9}.Debug|Win32.ActiveCfg = Debug|Win32
		{8D509E8F-F24B-4278-9511-C847981B63D9}.Debug|Win32.Build.0 = Debug|Win32
		{8D509E8F-F24B-4278-9511-C847981B63D9}.Debug|x64.ActiveCfg = Debug|Win32
		{8D509E8F-F24B-4278-9511-C847981B63D9}.Release|Win32.ActiveCfg = Release|Win32
		{8D509E8F-F24B-4278-9511-C847981B63D9}.Release|Win32.Build.0 = Release|Win32
		{8D509E8F-F24B-4278-9511-C847981B63D9}.Release|x64.ActiveCfg = Release|Win32
		{29220B07-D1C9-4DBF-BCD5-56B3759B1629}.Debug|Win32.ActiveCfg = Debug|Win32
		{29220B07-D1C9-4DBF-BCD5-56B3759B1629}.Debug|Win32.Build.0 = Debug|Win32
		{29220B07-D1C9-4DBF-BCD5-56B3759B1629}.Debug|x64.ActiveCfg = Debug|Win32
		{29220B07-D1C9-4DBF-BCD5-56B3759B1629}.Release|Win32.ActiveCfg = Release|Win32
		{29220B07-D1C9-4DBF-BCD5-56B3759B1629}.Release|Win32.Build.0 = Release|Win32
		{29220B07-D1C9-4DBF-BCD5-56B3759B1629}.Release|x64.ActiveCfg = Release|Win32
		{A977B675-C94D-4B57-A368-20FFB07DD660}.Debug|Win32.ActiveCfg = Debug|Win32
		{A977B675-C94D-4B57-A368-20FFB07DD660}.Debug|Win32.Build.0 = Debug|Win32
		{A977B675-C94D-4B57-A368-20FFB07DD660}.Debug|x64.ActiveCfg = Debug|Win32
		{A977B675-C94D-4B57-A368-20FFB07DD660}.Release|Win32.ActiveCfg = Release|Win32
		{A977B675-C94D-4B57-A368-20FFB07DD660}.Release|Win32.Build.0 = Release|Win32
		{A977B675-C94D-4B57-A368-20FFB07DD660}.Release|x64.ActiveCfg = Release|Win32
		{4C308F7E-A98F-4046-9109-E8FEAD3E0F8F}.Debug|Win32.ActiveCfg = Debug|Win32
		{4C308F7E-A98F-4046-9109-E8FEAD3E0F8F}.Debug|Win32.Build.0 = Debug|Win32
		{4C308F7E-A98F-4046-9109-E8FEAD3E0F8F}.Debug|x64.ActiveCfg = Debug|Win32
		{4C308F7E-A98F-4046-9109-E8FEAD3E0F8F}.Release|Win32.ActiveCfg = Release|Win32
		{4C308F7E-A98F-4046-9109-E8FEAD3E0F8F}.Release|Win32.Build.0 = Release|Win32
		{4C308F7E-A98F-4046-9109-E8FEAD3E0F8F}.Release|x64.ActiveCfg = Release|Win32
		{26E68CDD-8271-4CC0-A88E-B17C7ABC9DBE}.Debug|Win32.ActiveCfg = Debug|Win32
		{26E68CDD-8271-4CC0-A88E-B17C7ABC9DBE}.Debug|Win32.Build.0 = Debug|Win32
		{26E68CDD-8271-4CC0-A88E-B17C7ABC9DBE}.Debug|x64.ActiveCfg = Debug|Win32
		{26E68CDD-8271-4CC0-A88E-B17C7ABC9DBE}.Release|Win32.ActiveCfg = Release|Win32
		{26E68CDD-8271-4CC0-A88E-B17C7ABC9DBE}.Release|Win32.Build.0 = Release|Win32
		{26E68CDD-8271-4CC0-A88E-B17C7ABC9DBE}.Release|x64.ActiveCfg = Release|Win32
		{97B089C4-3E19-4F85-9D27-79A81016FBBC}.Debug|Win32.ActiveCfg = Debug|Win32
		{97B089C4-3E19-4F85-9D27-79A81016FBBC}.Debug|Win32.Build.0 = Debug|Win32
		{97B089C4-3E19-4F85-9D27-79A81016FBBC}.Debug|x64.ActiveCfg = Debug|Win32
		{97B089C4-3E19-4F85-9D27-79A81016FBBC}.Release|Win32.ActiveCfg = Release|Win32
		{97B089C4-3E19-4F85-9D27-79A81016FBBC}.Release|Win32.Build.0 = Release|Win32
		{97B089C4-3E19-4F85-9D27-79A81016FBBC}.Release|x64.ActiveCfg = Release|Win32
		{D9CBD330-C02D-46FB-A1B8-094A443AD897}.Debug|Win32.ActiveCfg = Debug|Win32
		{D9CBD330-C02D-46FB-A1B8-094A443AD897}.Debug|Win32.Build.0 = Debug|Win32
		{D9CBD330-C02D-46FB-A1B8-094A443AD897}.Debug|x64.ActiveCfg = Debug|Win32
		{D9CBD330-C02D-46FB-A1B8-094A443AD897}.Release|Win32.ActiveCfg = Release|Win32
		{D9CBD330-C02D-46FB-A1B8-094A443AD897}.Release|Win32.Build.0 = Release|Win32
		{D9CBD330-C02D-46FB-A1B8-094A443AD897}.Release|x64.ActiveCfg = Release|Win32
		{D21C16CF-3C69-4116-8675-78B074E83F7F}.Debug|Win32.ActiveCfg = Debug|Win32
		{D21C16CF-3C69-4116-8675-78B074E83F7F}.Debug|Win32.Build.0 = Debug|Win32
		{D21C16CF-3C69-4116-8675-78B074E83F7F}.Debug|x64.ActiveCfg = Debug|Win32
		{D21C16CF-3C69-4116-8675-78B074E83F7F}.Release|Win32.ActiveCfg = Release|Win32
		{D21C16CF-3C69-4116-8675-78B074E83F7F}.Release|Win32.Build.0 = Release|Win32
		{D21C16CF-3C69-4116-8675-78B074E83F7F}.Release|x64.ActiveCfg = Release|Win32
	EndGlobalSection
	GlobalSection(SolutionProperties) = preSolution
		HideSolutionNode = FALSE
	EndGlobalSection
EndGlobal
