<?xml version="1.0" encoding="utf-8"?>
<Project ToolsVersion="4.0" xmlns="http://schemas.microsoft.com/developer/msbuild/2003">
  <ItemGroup>
    <Filter Include="소스 파일">
      <UniqueIdentifier>{4FC737F1-C7A5-4376-A066-2A32D752A2FF}</UniqueIdentifier>
      <Extensions>cpp;c;cc;cxx;def;odl;idl;hpj;bat;asm;asmx</Extensions>
    </Filter>
    <Filter Include="헤더 파일">
      <UniqueIdentifier>{93995380-89BD-4b04-88EB-625FBE52EBFB}</UniqueIdentifier>
      <Extensions>h;hpp;hxx;hm;inl;inc;xsd</Extensions>
    </Filter>
  </ItemGroup>
  <ItemGroup>
    <ClCompile Include="Http2Conversion.cpp">
      <Filter>소스 파일</Filter>
    </ClCompile>
    <ClCompile Include="Http2Frame.cpp">
      <Filter>소스 파일</Filter>
    </ClCompile>
    <ClCompile Include="Http2FrameList.cpp">
      <Filter>소스 파일</Filter>
    </ClCompile>
    <ClCompile Include="Http2Header.cpp">
      <Filter>소스 파일</Filter>
    </ClCompile>
    <ClCompile Include="Http2HuffmanCode.cpp">
      <Filter>소스 파일</Filter>
    </ClCompile>
    <ClCompile Include="Http2Packet.cpp">
      <Filter>소스 파일</Filter>
    </ClCompile>
    <ClCompile Include="Http2Settings.cpp">
      <Filter>소스 파일</Filter>
    </ClCompile>
    <ClCompile Include="Http2HpackHeader.cpp">
      <Filter>소스 파일</Filter>
    </ClCompile>
    <ClCompile Include="Http2HpackHeaderList.cpp">
      <Filter>소스 파일</Filter>
    </ClCompile>
  </ItemGroup>
  <ItemGroup>
    <ClInclude Include="Http2HuffmanCodeDecode.hpp">
      <Filter>소스 파일</Filter>
    </ClInclude>
    <ClInclude Include="Http2HuffmanCodeEncode.hpp">
      <Filter>소스 파일</Filter>
    </ClInclude>
    <ClInclude Include="Http2Conversion.h">
      <Filter>헤더 파일</Filter>
    </ClInclude>
    <ClInclude Include="Http2Define.h">
      <Filter>헤더 파일</Filter>
    </ClInclude>
    <ClInclude Include="Http2Frame.h">
      <Filter>헤더 파일</Filter>
    </ClInclude>
    <ClInclude Include="Http2FrameList.h">
      <Filter>헤더 파일</Filter>
    </ClInclude>
    <ClInclude Include="Http2Header.h">
      <Filter>헤더 파일</Filter>
    </ClInclude>
    <ClInclude Include="Http2HuffmanCode.h">
      <Filter>헤더 파일</Filter>
    </ClInclude>
    <ClInclude Include="Http2Packet.h">
      <Filter>헤더 파일</Filter>
    </ClInclude>
    <ClInclude Include="Http2Settings.h">
      <Filter>헤더 파일</Filter>
    </ClInclude>
    <ClInclude Include="Http2HpackHeader.h">
      <Filter>헤더 파일</Filter>
    </ClInclude>
    <ClInclude Include="Http2HpackHeaderList.h">
      <Filter>헤더 파일</Filter>
    </ClInclude>
  </ItemGroup>
</Project>